
Microsoft Visual Studio Solution File, Format Version 12.00
# Visual Studio Version 16
VisualStudioVersion = 16.0.29728.190
MinimumVisualStudioVersion = 10.0.40219.1
Project("{9092AA53-FB77-4645-B42D-1CCCA6BD08BD}") = "VuejsApp1", "VuejsApp1\VuejsApp1.njsproj", "{C00BC125-FD1C-4417-BB7C-B911F707D7C9}"
EndProject
Global
	GlobalSection(SolutionConfigurationPlatforms) = preSolution
		Debug|Any CPU = Debug|Any CPU
		Release|Any CPU = Release|Any CPU
	EndGlobalSection
	GlobalSection(ProjectConfigurationPlatforms) = postSolution
		{C00BC125-FD1C-4417-BB7C-B911F707D7C9}.Debug|Any CPU.ActiveCfg = Debug|Any CPU
		{C00BC125-FD1C-4417-BB7C-B911F707D7C9}.Debug|Any CPU.Build.0 = Debug|Any CPU
		{C00BC125-FD1C-4417-BB7C-B911F707D7C9}.Release|Any CPU.ActiveCfg = Release|Any CPU
		{C00BC125-FD1C-4417-BB7C-B911F707D7C9}.Release|Any CPU.Build.0 = Release|Any CPU
	EndGlobalSection
	GlobalSection(SolutionProperties) = preSolution
		HideSolutionNode = FALSE
	EndGlobalSection
	GlobalSection(ExtensibilityGlobals) = postSolution
		SolutionGuid = {4F9DDDF1-DDCC-4019-8D4B-F6DFE75C2ED4}
	EndGlobalSection
EndGlobal
